PODS:
  - Expecta (1.0.6)
  - OCMock (3.4.3)

DEPENDENCIES:
  - Expecta
  - OCMock

SPEC REPOS:
  https://github.com/cocoapods/specs.git:
    - Expecta
    - OCMock

SPEC CHECKSUMS:
  Expecta: 3b6bd90a64b9a1dcb0b70aa0e10a7f8f631667d5
  OCMock: 43565190abc78977ad44a61c0d20d7f0784d35ab

PODFILE CHECKSUM: eb9eda3c30864a46b978387a31a7b515123cc902

COCOAPODS: 1.5.2
