// !$*UTF8*$!
{
	archiveVersion = 1;
	classes = {
	};
	objectVersion = 50;
	objects = {

/* Begin PBXBuildFile section */
		9C7A53BE2296E02E008A1632 /* AppDelegate.m in Sources */ = {isa = PBXBuildFile; fileRef = 9C7A53BD2296E02E008A1632 /* AppDelegate.m */; };
		9C7A53C12296E02E008A1632 /* CPTMainScreenViewController.m in Sources */ = {isa = PBXBuildFile; fileRef = 9C7A53C02296E02E008A1632 /* CPTMainScreenViewController.m */; };
		9C7A53C72296E02E008A1632 /* cryptoProfit.xcdatamodeld in Sources */ = {isa = PBXBuildFile; fileRef = 9C7A53C52296E02E008A1632 /* cryptoProfit.xcdatamodeld */; };
		9C7A53C92296E030008A1632 /* Assets.xcassets in Resources */ = {isa = PBXBuildFile; fileRef = 9C7A53C82296E030008A1632 /* Assets.xcassets */; };
		9C7A53CC2296E030008A1632 /* LaunchScreen.storyboard in Resources */ = {isa = PBXBuildFile; fileRef = 9C7A53CA2296E030008A1632 /* LaunchScreen.storyboard */; };
		9C7A53CF2296E030008A1632 /* main.m in Sources */ = {isa = PBXBuildFile; fileRef = 9C7A53CE2296E030008A1632 /* main.m */; };
		9C7A53D92296E030008A1632 /* cryptoProfitTests.m in Sources */ = {isa = PBXBuildFile; fileRef = 9C7A53D82296E030008A1632 /* cryptoProfitTests.m */; };
		9C7A53E42296E030008A1632 /* cryptoProfitUITests.m in Sources */ = {isa = PBXBuildFile; fileRef = 9C7A53E32296E030008A1632 /* cryptoProfitUITests.m */; };
		9C7A549622A299AC008A1632 /* UIColor+CPTColors.m in Sources */ = {isa = PBXBuildFile; fileRef = 9C7A549522A299AC008A1632 /* UIColor+CPTColors.m */; };
		9C7A54A322A29E17008A1632 /* CPTNavigationController.m in Sources */ = {isa = PBXBuildFile; fileRef = 9C7A54A222A29E17008A1632 /* CPTNavigationController.m */; };
		9CAF12DC22D4588F001528E7 /* CPTTextField.m in Sources */ = {isa = PBXBuildFile; fileRef = 9CAF12DB22D4588F001528E7 /* CPTTextField.m */; };
		9CAF12EA22D84E5A001528E7 /* CPTOptionsPresenter.m in Sources */ = {isa = PBXBuildFile; fileRef = 9CAF12E922D84E5A001528E7 /* CPTOptionsPresenter.m */; };
		9CAF12ED22D84E74001528E7 /* CPTOptionsViewController.m in Sources */ = {isa = PBXBuildFile; fileRef = 9CAF12EC22D84E74001528E7 /* CPTOptionsViewController.m */; };
		9CAF12F022D84E8E001528E7 /* CPTOptionsFactory.m in Sources */ = {isa = PBXBuildFile; fileRef = 9CAF12EF22D84E8E001528E7 /* CPTOptionsFactory.m */; };
		9CAF12F622D85401001528E7 /* CPTLabel.m in Sources */ = {isa = PBXBuildFile; fileRef = 9CAF12F522D85401001528E7 /* CPTLabel.m */; };
		9CAF133322E03A69001528E7 /* CPTAPIFactory.m in Sources */ = {isa = PBXBuildFile; fileRef = 9CAF133222E03A69001528E7 /* CPTAPIFactory.m */; };
		9CAF133922E03D1D001528E7 /* CPTNetworkService.m in Sources */ = {isa = PBXBuildFile; fileRef = 9CAF133822E03D1D001528E7 /* CPTNetworkService.m */; };
		9CAF133F22E18AC6001528E7 /* CPTDataParserService.m in Sources */ = {isa = PBXBuildFile; fileRef = 9CAF133E22E18AC6001528E7 /* CPTDataParserService.m */; };
		9CAF134622E20CA2001528E7 /* CPTCoreDataService.m in Sources */ = {isa = PBXBuildFile; fileRef = 9CAF134522E20CA2001528E7 /* CPTCoreDataService.m */; };
		9CAF134D22E20DE0001528E7 /* Coin+CoreDataClass.m in Sources */ = {isa = PBXBuildFile; fileRef = 9CAF134B22E20DE0001528E7 /* Coin+CoreDataClass.m */; };
		9CAF134E22E20DE0001528E7 /* Coin+CoreDataProperties.m in Sources */ = {isa = PBXBuildFile; fileRef = 9CAF134C22E20DE0001528E7 /* Coin+CoreDataProperties.m */; };
		9CAF135222E47D80001528E7 /* CPTLoadingView.m in Sources */ = {isa = PBXBuildFile; fileRef = 9CAF135122E47D80001528E7 /* CPTLoadingView.m */; };
		9CEC441A22B60E89004BC6FE /* CPTMainScreenFactory.m in Sources */ = {isa = PBXBuildFile; fileRef = 9CEC441922B60E89004BC6FE /* CPTMainScreenFactory.m */; };
		9CEC441D22B60EEE004BC6FE /* CPTMainScreenPresenter.m in Sources */ = {isa = PBXBuildFile; fileRef = 9CEC441C22B60EEE004BC6FE /* CPTMainScreenPresenter.m */; };
		9CEC442222B62650004BC6FE /* CPTWalletCell.m in Sources */ = {isa = PBXBuildFile; fileRef = 9CEC442122B62650004BC6FE /* CPTWalletCell.m */; };
		9CEC442A22B7595D004BC6FE /* CPTAddCurrencyFactory.m in Sources */ = {isa = PBXBuildFile; fileRef = 9CEC442922B7595D004BC6FE /* CPTAddCurrencyFactory.m */; };
		9CEC442E22B75AC0004BC6FE /* CPTAddCurrencyViewController.m in Sources */ = {isa = PBXBuildFile; fileRef = 9CEC442D22B75AC0004BC6FE /* CPTAddCurrencyViewController.m */; };
		9CEC443122B75B69004BC6FE /* CPTAddCurrencyPresenter.m in Sources */ = {isa = PBXBuildFile; fileRef = 9CEC443022B75B69004BC6FE /* CPTAddCurrencyPresenter.m */; };
/* End PBXBuildFile section */

/* Begin PBXContainerItemProxy section */
		9C7A53D52296E030008A1632 /* PBXContainerItemProxy */ = {
			isa = PBXContainerItemProxy;
			containerPortal = 9C7A53B12296E02E008A1632 /* Project object */;
			proxyType = 1;
			remoteGlobalIDString = 9C7A53B82296E02E008A1632;
			remoteInfo = cryptoProfit;
		};
		9C7A53E02296E030008A1632 /* PBXContainerItemProxy */ = {
			isa = PBXContainerItemProxy;
			containerPortal = 9C7A53B12296E02E008A1632 /* Project object */;
			proxyType = 1;
			remoteGlobalIDString = 9C7A53B82296E02E008A1632;
			remoteInfo = cryptoProfit;
		};
/* End PBXContainerItemProxy section */

/* Begin PBXFileReference section */
		9C7A53B92296E02E008A1632 /* cryptoProfit.app */ = {isa = PBXFileReference; explicitFileType = wrapper.application; includeInIndex = 0; path = cryptoProfit.app; sourceTree = BUILT_PRODUCTS_DIR; };
		9C7A53BC2296E02E008A1632 /* AppDelegate.h */ = {isa = PBXFileReference; lastKnownFileType = sourcecode.c.h; path = AppDelegate.h; sourceTree = "<group>"; };
		9C7A53BD2296E02E008A1632 /* AppDelegate.m */ = {isa = PBXFileReference; lastKnownFileType = sourcecode.c.objc; path = AppDelegate.m; sourceTree = "<group>"; };
		9C7A53BF2296E02E008A1632 /* CPTMainScreenViewController.h */ = {isa = PBXFileReference; lastKnownFileType = sourcecode.c.h; path = CPTMainScreenViewController.h; sourceTree = "<group>"; };
		9C7A53C02296E02E008A1632 /* CPTMainScreenViewController.m */ = {isa = PBXFileReference; lastKnownFileType = sourcecode.c.objc; path = CPTMainScreenViewController.m; sourceTree = "<group>"; };
		9C7A53C62296E02E008A1632 /* cryptoProfit.xcdatamodel */ = {isa = PBXFileReference; lastKnownFileType = wrapper.xcdatamodel; path = cryptoProfit.xcdatamodel; sourceTree = "<group>"; };
		9C7A53C82296E030008A1632 /* Assets.xcassets */ = {isa = PBXFileReference; lastKnownFileType = folder.assetcatalog; path = Assets.xcassets; sourceTree = "<group>"; };
		9C7A53CB2296E030008A1632 /* Base */ = {isa = PBXFileReference; lastKnownFileType = file.storyboard; name = Base; path = Base.lproj/LaunchScreen.storyboard; sourceTree = "<group>"; };
		9C7A53CD2296E030008A1632 /* Info.plist */ = {isa = PBXFileReference; lastKnownFileType = text.plist.xml; path = Info.plist; sourceTree = "<group>"; };
		9C7A53CE2296E030008A1632 /* main.m */ = {isa = PBXFileReference; lastKnownFileType = sourcecode.c.objc; path = main.m; sourceTree = "<group>"; };
		9C7A53D42296E030008A1632 /* cryptoProfitTests.xctest */ = {isa = PBXFileReference; explicitFileType = wrapper.cfbundle; includeInIndex = 0; path = cryptoProfitTests.xctest; sourceTree = BUILT_PRODUCTS_DIR; };
		9C7A53D82296E030008A1632 /* cryptoProfitTests.m */ = {isa = PBXFileReference; lastKnownFileType = sourcecode.c.objc; path = cryptoProfitTests.m; sourceTree = "<group>"; };
		9C7A53DA2296E030008A1632 /* Info.plist */ = {isa = PBXFileReference; lastKnownFileType = text.plist.xml; path = Info.plist; sourceTree = "<group>"; };
		9C7A53DF2296E030008A1632 /* cryptoProfitUITests.xctest */ = {isa = PBXFileReference; explicitFileType = wrapper.cfbundle; includeInIndex = 0; path = cryptoProfitUITests.xctest; sourceTree = BUILT_PRODUCTS_DIR; };
		9C7A53E32296E030008A1632 /* cryptoProfitUITests.m */ = {isa = PBXFileReference; lastKnownFileType = sourcecode.c.objc; path = cryptoProfitUITests.m; sourceTree = "<group>"; };
		9C7A53E52296E030008A1632 /* Info.plist */ = {isa = PBXFileReference; lastKnownFileType = text.plist.xml; path = Info.plist; sourceTree = "<group>"; };
		9C7A549422A299AC008A1632 /* UIColor+CPTColors.h */ = {isa = PBXFileReference; lastKnownFileType = sourcecode.c.h; path = "UIColor+CPTColors.h"; sourceTree = "<group>"; };
		9C7A549522A299AC008A1632 /* UIColor+CPTColors.m */ = {isa = PBXFileReference; lastKnownFileType = sourcecode.c.objc; path = "UIColor+CPTColors.m"; sourceTree = "<group>"; };
		9C7A54A122A29E17008A1632 /* CPTNavigationController.h */ = {isa = PBXFileReference; lastKnownFileType = sourcecode.c.h; path = CPTNavigationController.h; sourceTree = "<group>"; };
		9C7A54A222A29E17008A1632 /* CPTNavigationController.m */ = {isa = PBXFileReference; lastKnownFileType = sourcecode.c.objc; path = CPTNavigationController.m; sourceTree = "<group>"; };
		9CAF12DA22D4588F001528E7 /* CPTTextField.h */ = {isa = PBXFileReference; lastKnownFileType = sourcecode.c.h; path = CPTTextField.h; sourceTree = "<group>"; };
		9CAF12DB22D4588F001528E7 /* CPTTextField.m */ = {isa = PBXFileReference; lastKnownFileType = sourcecode.c.objc; path = CPTTextField.m; sourceTree = "<group>"; };
		9CAF12E822D84E5A001528E7 /* CPTOptionsPresenter.h */ = {isa = PBXFileReference; lastKnownFileType = sourcecode.c.h; path = CPTOptionsPresenter.h; sourceTree = "<group>"; };
		9CAF12E922D84E5A001528E7 /* CPTOptionsPresenter.m */ = {isa = PBXFileReference; lastKnownFileType = sourcecode.c.objc; path = CPTOptionsPresenter.m; sourceTree = "<group>"; };
		9CAF12EB22D84E74001528E7 /* CPTOptionsViewController.h */ = {isa = PBXFileReference; lastKnownFileType = sourcecode.c.h; path = CPTOptionsViewController.h; sourceTree = "<group>"; };
		9CAF12EC22D84E74001528E7 /* CPTOptionsViewController.m */ = {isa = PBXFileReference; lastKnownFileType = sourcecode.c.objc; path = CPTOptionsViewController.m; sourceTree = "<group>"; };
		9CAF12EE22D84E8E001528E7 /* CPTOptionsFactory.h */ = {isa = PBXFileReference; lastKnownFileType = sourcecode.c.h; path = CPTOptionsFactory.h; sourceTree = "<group>"; };
		9CAF12EF22D84E8E001528E7 /* CPTOptionsFactory.m */ = {isa = PBXFileReference; lastKnownFileType = sourcecode.c.objc; path = CPTOptionsFactory.m; sourceTree = "<group>"; };
		9CAF12F122D84F02001528E7 /* CPTOptionsPresenterProtocol.h */ = {isa = PBXFileReference; lastKnownFileType = sourcecode.c.h; path = CPTOptionsPresenterProtocol.h; sourceTree = "<group>"; };
		9CAF12F222D84F11001528E7 /* CPTOptionsViewProtocol.h */ = {isa = PBXFileReference; lastKnownFileType = sourcecode.c.h; path = CPTOptionsViewProtocol.h; sourceTree = "<group>"; };
		9CAF12F422D85401001528E7 /* CPTLabel.h */ = {isa = PBXFileReference; lastKnownFileType = sourcecode.c.h; path = CPTLabel.h; sourceTree = "<group>"; };
		9CAF12F522D85401001528E7 /* CPTLabel.m */ = {isa = PBXFileReference; lastKnownFileType = sourcecode.c.objc; path = CPTLabel.m; sourceTree = "<group>"; };
		9CAF133122E03A69001528E7 /* CPTAPIFactory.h */ = {isa = PBXFileReference; lastKnownFileType = sourcecode.c.h; path = CPTAPIFactory.h; sourceTree = "<group>"; };
		9CAF133222E03A69001528E7 /* CPTAPIFactory.m */ = {isa = PBXFileReference; lastKnownFileType = sourcecode.c.objc; path = CPTAPIFactory.m; sourceTree = "<group>"; };
		9CAF133622E03AB3001528E7 /* CPTAPIFactoryProtocol.h */ = {isa = PBXFileReference; lastKnownFileType = sourcecode.c.h; path = CPTAPIFactoryProtocol.h; sourceTree = "<group>"; };
		9CAF133722E03D1D001528E7 /* CPTNetworkService.h */ = {isa = PBXFileReference; lastKnownFileType = sourcecode.c.h; path = CPTNetworkService.h; sourceTree = "<group>"; };
		9CAF133822E03D1D001528E7 /* CPTNetworkService.m */ = {isa = PBXFileReference; lastKnownFileType = sourcecode.c.objc; path = CPTNetworkService.m; sourceTree = "<group>"; };
		9CAF133A22E03D35001528E7 /* CPTNetworkServiceProtocol.h */ = {isa = PBXFileReference; lastKnownFileType = sourcecode.c.h; path = CPTNetworkServiceProtocol.h; sourceTree = "<group>"; };
		9CAF133C22E18ABB001528E7 /* CPTDataParserServiceProtocol.h */ = {isa = PBXFileReference; lastKnownFileType = sourcecode.c.h; path = CPTDataParserServiceProtocol.h; sourceTree = "<group>"; };
		9CAF133D22E18AC6001528E7 /* CPTDataParserService.h */ = {isa = PBXFileReference; lastKnownFileType = sourcecode.c.h; path = CPTDataParserService.h; sourceTree = "<group>"; };
		9CAF133E22E18AC6001528E7 /* CPTDataParserService.m */ = {isa = PBXFileReference; lastKnownFileType = sourcecode.c.objc; path = CPTDataParserService.m; sourceTree = "<group>"; };
		9CAF134422E20CA2001528E7 /* CPTCoreDataService.h */ = {isa = PBXFileReference; lastKnownFileType = sourcecode.c.h; path = CPTCoreDataService.h; sourceTree = "<group>"; };
		9CAF134522E20CA2001528E7 /* CPTCoreDataService.m */ = {isa = PBXFileReference; lastKnownFileType = sourcecode.c.objc; path = CPTCoreDataService.m; sourceTree = "<group>"; };
		9CAF134722E20CAD001528E7 /* CPTCoreDataServiceProtocol.h */ = {isa = PBXFileReference; lastKnownFileType = sourcecode.c.h; path = CPTCoreDataServiceProtocol.h; sourceTree = "<group>"; };
		9CAF134922E20DE0001528E7 /* Coin+CoreDataProperties.h */ = {isa = PBXFileReference; lastKnownFileType = sourcecode.c.h; path = "Coin+CoreDataProperties.h"; sourceTree = "<group>"; };
		9CAF134A22E20DE0001528E7 /* Coin+CoreDataClass.h */ = {isa = PBXFileReference; lastKnownFileType = sourcecode.c.h; path = "Coin+CoreDataClass.h"; sourceTree = "<group>"; };
		9CAF134B22E20DE0001528E7 /* Coin+CoreDataClass.m */ = {isa = PBXFileReference; lastKnownFileType = sourcecode.c.objc; path = "Coin+CoreDataClass.m"; sourceTree = "<group>"; };
		9CAF134C22E20DE0001528E7 /* Coin+CoreDataProperties.m */ = {isa = PBXFileReference; lastKnownFileType = sourcecode.c.objc; path = "Coin+CoreDataProperties.m"; sourceTree = "<group>"; };
		9CAF135022E47D80001528E7 /* CPTLoadingView.h */ = {isa = PBXFileReference; lastKnownFileType = sourcecode.c.h; path = CPTLoadingView.h; sourceTree = "<group>"; };
		9CAF135122E47D80001528E7 /* CPTLoadingView.m */ = {isa = PBXFileReference; lastKnownFileType = sourcecode.c.objc; path = CPTLoadingView.m; sourceTree = "<group>"; };
		9CEC441822B60E89004BC6FE /* CPTMainScreenFactory.h */ = {isa = PBXFileReference; lastKnownFileType = sourcecode.c.h; path = CPTMainScreenFactory.h; sourceTree = "<group>"; };
		9CEC441922B60E89004BC6FE /* CPTMainScreenFactory.m */ = {isa = PBXFileReference; lastKnownFileType = sourcecode.c.objc; path = CPTMainScreenFactory.m; sourceTree = "<group>"; };
		9CEC441B22B60EEE004BC6FE /* CPTMainScreenPresenter.h */ = {isa = PBXFileReference; lastKnownFileType = sourcecode.c.h; path = CPTMainScreenPresenter.h; sourceTree = "<group>"; };
		9CEC441C22B60EEE004BC6FE /* CPTMainScreenPresenter.m */ = {isa = PBXFileReference; lastKnownFileType = sourcecode.c.objc; path = CPTMainScreenPresenter.m; sourceTree = "<group>"; };
		9CEC441E22B60F5D004BC6FE /* CPTMainScreenPresenterProtocol.h */ = {isa = PBXFileReference; lastKnownFileType = sourcecode.c.h; path = CPTMainScreenPresenterProtocol.h; sourceTree = "<group>"; };
		9CEC441F22B610C1004BC6FE /* CPTMainScreenViewProtocol.h */ = {isa = PBXFileReference; lastKnownFileType = sourcecode.c.h; path = CPTMainScreenViewProtocol.h; sourceTree = "<group>"; };
		9CEC442022B62650004BC6FE /* CPTWalletCell.h */ = {isa = PBXFileReference; lastKnownFileType = sourcecode.c.h; path = CPTWalletCell.h; sourceTree = "<group>"; };
		9CEC442122B62650004BC6FE /* CPTWalletCell.m */ = {isa = PBXFileReference; lastKnownFileType = sourcecode.c.objc; path = CPTWalletCell.m; sourceTree = "<group>"; };
		9CEC442822B7595D004BC6FE /* CPTAddCurrencyFactory.h */ = {isa = PBXFileReference; lastKnownFileType = sourcecode.c.h; path = CPTAddCurrencyFactory.h; sourceTree = "<group>"; };
		9CEC442922B7595D004BC6FE /* CPTAddCurrencyFactory.m */ = {isa = PBXFileReference; lastKnownFileType = sourcecode.c.objc; path = CPTAddCurrencyFactory.m; sourceTree = "<group>"; };
		9CEC442B22B75A05004BC6FE /* CPTAddCurrencyViewProtocol.h */ = {isa = PBXFileReference; lastKnownFileType = sourcecode.c.h; path = CPTAddCurrencyViewProtocol.h; sourceTree = "<group>"; };
		9CEC442C22B75AC0004BC6FE /* CPTAddCurrencyViewController.h */ = {isa = PBXFileReference; lastKnownFileType = sourcecode.c.h; path = CPTAddCurrencyViewController.h; sourceTree = "<group>"; };
		9CEC442D22B75AC0004BC6FE /* CPTAddCurrencyViewController.m */ = {isa = PBXFileReference; lastKnownFileType = sourcecode.c.objc; path = CPTAddCurrencyViewController.m; sourceTree = "<group>"; };
		9CEC442F22B75B69004BC6FE /* CPTAddCurrencyPresenter.h */ = {isa = PBXFileReference; lastKnownFileType = sourcecode.c.h; path = CPTAddCurrencyPresenter.h; sourceTree = "<group>"; };
		9CEC443022B75B69004BC6FE /* CPTAddCurrencyPresenter.m */ = {isa = PBXFileReference; lastKnownFileType = sourcecode.c.objc; path = CPTAddCurrencyPresenter.m; sourceTree = "<group>"; };
		9CEC443222B75B77004BC6FE /* CPTAddCurrencyPresenterProtocol.h */ = {isa = PBXFileReference; lastKnownFileType = sourcecode.c.h; path = CPTAddCurrencyPresenterProtocol.h; sourceTree = "<group>"; };
/* End PBXFileReference section */

/* Begin PBXFrameworksBuildPhase section */
		9C7A53B62296E02E008A1632 /* Frameworks */ = {
			isa = PBXFrameworksBuildPhase;
			buildActionMask = 2147483647;
			files = (
			);
			runOnlyForDeploymentPostprocessing = 0;
		};
		9C7A53D12296E030008A1632 /* Frameworks */ = {
			isa = PBXFrameworksBuildPhase;
			buildActionMask = 2147483647;
			files = (
			);
			runOnlyForDeploymentPostprocessing = 0;
		};
		9C7A53DC2296E030008A1632 /* Frameworks */ = {
			isa = PBXFrameworksBuildPhase;
			buildActionMask = 2147483647;
			files = (
			);
			runOnlyForDeploymentPostprocessing = 0;
		};
/* End PBXFrameworksBuildPhase section */

/* Begin PBXGroup section */
		9C7A53B02296E02E008A1632 = {
			isa = PBXGroup;
			children = (
				9C7A53BB2296E02E008A1632 /* cryptoProfit */,
				9C7A53D72296E030008A1632 /* cryptoProfitTests */,
				9C7A53E22296E030008A1632 /* cryptoProfitUITests */,
				9C7A53BA2296E02E008A1632 /* Products */,
			);
			sourceTree = "<group>";
		};
		9C7A53BA2296E02E008A1632 /* Products */ = {
			isa = PBXGroup;
			children = (
				9C7A53B92296E02E008A1632 /* cryptoProfit.app */,
				9C7A53D42296E030008A1632 /* cryptoProfitTests.xctest */,
				9C7A53DF2296E030008A1632 /* cryptoProfitUITests.xctest */,
			);
			name = Products;
			sourceTree = "<group>";
		};
		9C7A53BB2296E02E008A1632 /* cryptoProfit */ = {
			isa = PBXGroup;
			children = (
				9C7A549A22A299E2008A1632 /* Application */,
				9C7A549922A299D4008A1632 /* Configuration */,
				9C7A549722A299B1008A1632 /* Resources */,
			);
			path = cryptoProfit;
			sourceTree = "<group>";
		};
		9C7A53D72296E030008A1632 /* cryptoProfitTests */ = {
			isa = PBXGroup;
			children = (
				9C7A53D82296E030008A1632 /* cryptoProfitTests.m */,
				9C7A53DA2296E030008A1632 /* Info.plist */,
			);
			path = cryptoProfitTests;
			sourceTree = "<group>";
		};
		9C7A53E22296E030008A1632 /* cryptoProfitUITests */ = {
			isa = PBXGroup;
			children = (
				9C7A53E32296E030008A1632 /* cryptoProfitUITests.m */,
				9C7A53E52296E030008A1632 /* Info.plist */,
			);
			path = cryptoProfitUITests;
			sourceTree = "<group>";
		};
		9C7A549722A299B1008A1632 /* Resources */ = {
			isa = PBXGroup;
			children = (
				9C7A53C82296E030008A1632 /* Assets.xcassets */,
				9C7A53CA2296E030008A1632 /* LaunchScreen.storyboard */,
				9C7A549422A299AC008A1632 /* UIColor+CPTColors.h */,
				9C7A549522A299AC008A1632 /* UIColor+CPTColors.m */,
			);
			name = Resources;
			sourceTree = "<group>";
		};
		9C7A549922A299D4008A1632 /* Configuration */ = {
			isa = PBXGroup;
			children = (
				9C7A53CD2296E030008A1632 /* Info.plist */,
				9C7A53C52296E02E008A1632 /* cryptoProfit.xcdatamodeld */,
			);
			name = Configuration;
			sourceTree = "<group>";
		};
		9C7A549A22A299E2008A1632 /* Application */ = {
			isa = PBXGroup;
			children = (
				9C7A549B22A29D7E008A1632 /* Core */,
				9C7A549F22A29DD0008A1632 /* Flows */,
				9C7A549C22A29D96008A1632 /* UI */,
			);
			name = Application;
			sourceTree = "<group>";
		};
		9C7A549B22A29D7E008A1632 /* Core */ = {
			isa = PBXGroup;
			children = (
				9CAF134822E20D9E001528E7 /* Model */,
				9C7A53CE2296E030008A1632 /* main.m */,
				9C7A53BC2296E02E008A1632 /* AppDelegate.h */,
				9C7A53BD2296E02E008A1632 /* AppDelegate.m */,
				9CAF133422E03A70001528E7 /* Factories */,
				9CAF132D22E0396C001528E7 /* Services */,
			);
			name = Core;
			sourceTree = "<group>";
		};
		9C7A549C22A29D96008A1632 /* UI */ = {
			isa = PBXGroup;
			children = (
				9C7A549D22A29D9B008A1632 /* Elements */,
			);
			name = UI;
			sourceTree = "<group>";
		};
		9C7A549D22A29D9B008A1632 /* Elements */ = {
			isa = PBXGroup;
			children = (
				9CAF134F22E47D60001528E7 /* UIActivityIndicator */,
				9CAF12F322D853D4001528E7 /* UILabel */,
				9CAF12D922D45844001528E7 /* UITextField */,
				9C7A54A422A29E45008A1632 /* UINavigationController */,
			);
			name = Elements;
			sourceTree = "<group>";
		};
		9C7A549F22A29DD0008A1632 /* Flows */ = {
			isa = PBXGroup;
			children = (
				9CAF12E022D650F2001528E7 /* Options */,
				9CEC442322B7591A004BC6FE /* AddCurrency */,
				9C7A54A022A29DE2008A1632 /* Main */,
			);
			name = Flows;
			sourceTree = "<group>";
		};
		9C7A54A022A29DE2008A1632 /* Main */ = {
			isa = PBXGroup;
			children = (
				9CEC441722B60E6D004BC6FE /* Builder */,
				9CEC441422B60B7E004BC6FE /* Model */,
				9CEC441622B60B7F004BC6FE /* Presenter */,
				9CEC441522B60B7F004BC6FE /* View */,
			);
			name = Main;
			sourceTree = "<group>";
		};
		9C7A54A422A29E45008A1632 /* UINavigationController */ = {
			isa = PBXGroup;
			children = (
				9C7A54A122A29E17008A1632 /* CPTNavigationController.h */,
				9C7A54A222A29E17008A1632 /* CPTNavigationController.m */,
			);
			name = UINavigationController;
			sourceTree = "<group>";
		};
		9CAF12D922D45844001528E7 /* UITextField */ = {
			isa = PBXGroup;
			children = (
				9CAF12DA22D4588F001528E7 /* CPTTextField.h */,
				9CAF12DB22D4588F001528E7 /* CPTTextField.m */,
			);
			name = UITextField;
			sourceTree = "<group>";
		};
		9CAF12E022D650F2001528E7 /* Options */ = {
			isa = PBXGroup;
			children = (
				9CAF12E122D65100001528E7 /* Builder */,
				9CAF12E222D65108001528E7 /* Model */,
				9CAF12E322D6510F001528E7 /* Presenter */,
				9CAF12E422D65114001528E7 /* View */,
			);
			name = Options;
			sourceTree = "<group>";
		};
		9CAF12E122D65100001528E7 /* Builder */ = {
			isa = PBXGroup;
			children = (
				9CAF12EE22D84E8E001528E7 /* CPTOptionsFactory.h */,
				9CAF12EF22D84E8E001528E7 /* CPTOptionsFactory.m */,
			);
			name = Builder;
			sourceTree = "<group>";
		};
		9CAF12E222D65108001528E7 /* Model */ = {
			isa = PBXGroup;
			children = (
			);
			name = Model;
			sourceTree = "<group>";
		};
		9CAF12E322D6510F001528E7 /* Presenter */ = {
			isa = PBXGroup;
			children = (
				9CAF12E822D84E5A001528E7 /* CPTOptionsPresenter.h */,
				9CAF12E922D84E5A001528E7 /* CPTOptionsPresenter.m */,
				9CAF12F122D84F02001528E7 /* CPTOptionsPresenterProtocol.h */,
			);
			name = Presenter;
			sourceTree = "<group>";
		};
		9CAF12E422D65114001528E7 /* View */ = {
			isa = PBXGroup;
			children = (
				9CAF12EB22D84E74001528E7 /* CPTOptionsViewController.h */,
				9CAF12EC22D84E74001528E7 /* CPTOptionsViewController.m */,
				9CAF12F222D84F11001528E7 /* CPTOptionsViewProtocol.h */,
			);
			name = View;
			sourceTree = "<group>";
		};
		9CAF12F322D853D4001528E7 /* UILabel */ = {
			isa = PBXGroup;
			children = (
				9CAF12F422D85401001528E7 /* CPTLabel.h */,
				9CAF12F522D85401001528E7 /* CPTLabel.m */,
			);
			name = UILabel;
			sourceTree = "<group>";
		};
		9CAF132D22E0396C001528E7 /* Services */ = {
			isa = PBXGroup;
			children = (
				9CAF134322E20C8B001528E7 /* CoreDataService */,
				9CAF133B22E18A9F001528E7 /* DataParserService */,
				9CAF133022E03A3A001528E7 /* SearchService */,
				9CAF132F22E03A32001528E7 /* NetworkService */,
			);
			name = Services;
			sourceTree = "<group>";
		};
		9CAF132E22E03A2B001528E7 /* APIFactory */ = {
			isa = PBXGroup;
			children = (
				9CAF133622E03AB3001528E7 /* CPTAPIFactoryProtocol.h */,
				9CAF133122E03A69001528E7 /* CPTAPIFactory.h */,
				9CAF133222E03A69001528E7 /* CPTAPIFactory.m */,
			);
			name = APIFactory;
			sourceTree = "<group>";
		};
		9CAF132F22E03A32001528E7 /* NetworkService */ = {
			isa = PBXGroup;
			children = (
				9CAF133A22E03D35001528E7 /* CPTNetworkServiceProtocol.h */,
				9CAF133722E03D1D001528E7 /* CPTNetworkService.h */,
				9CAF133822E03D1D001528E7 /* CPTNetworkService.m */,
			);
			name = NetworkService;
			sourceTree = "<group>";
		};
		9CAF133022E03A3A001528E7 /* SearchService */ = {
			isa = PBXGroup;
			children = (
			);
			name = SearchService;
			sourceTree = "<group>";
		};
		9CAF133422E03A70001528E7 /* Factories */ = {
			isa = PBXGroup;
			children = (
				9CAF132E22E03A2B001528E7 /* APIFactory */,
			);
			name = Factories;
			sourceTree = "<group>";
		};
		9CAF133B22E18A9F001528E7 /* DataParserService */ = {
			isa = PBXGroup;
			children = (
				9CAF133C22E18ABB001528E7 /* CPTDataParserServiceProtocol.h */,
				9CAF133D22E18AC6001528E7 /* CPTDataParserService.h */,
				9CAF133E22E18AC6001528E7 /* CPTDataParserService.m */,
			);
			name = DataParserService;
			sourceTree = "<group>";
		};
		9CAF134322E20C8B001528E7 /* CoreDataService */ = {
			isa = PBXGroup;
			children = (
				9CAF134722E20CAD001528E7 /* CPTCoreDataServiceProtocol.h */,
				9CAF134422E20CA2001528E7 /* CPTCoreDataService.h */,
				9CAF134522E20CA2001528E7 /* CPTCoreDataService.m */,
			);
			name = CoreDataService;
			sourceTree = "<group>";
		};
		9CAF134822E20D9E001528E7 /* Model */ = {
			isa = PBXGroup;
			children = (
				9CAF134A22E20DE0001528E7 /* Coin+CoreDataClass.h */,
				9CAF134B22E20DE0001528E7 /* Coin+CoreDataClass.m */,
				9CAF134922E20DE0001528E7 /* Coin+CoreDataProperties.h */,
				9CAF134C22E20DE0001528E7 /* Coin+CoreDataProperties.m */,
			);
			name = Model;
			sourceTree = "<group>";
		};
		9CAF134F22E47D60001528E7 /* UIActivityIndicator */ = {
			isa = PBXGroup;
			children = (
				9CAF135022E47D80001528E7 /* CPTLoadingView.h */,
				9CAF135122E47D80001528E7 /* CPTLoadingView.m */,
			);
			name = UIActivityIndicator;
			sourceTree = "<group>";
		};
		9CEC441422B60B7E004BC6FE /* Model */ = {
			isa = PBXGroup;
			children = (
			);
			name = Model;
			sourceTree = "<group>";
		};
		9CEC441522B60B7F004BC6FE /* View */ = {
			isa = PBXGroup;
			children = (
				9C7A53BF2296E02E008A1632 /* CPTMainScreenViewController.h */,
				9C7A53C02296E02E008A1632 /* CPTMainScreenViewController.m */,
				9CEC441F22B610C1004BC6FE /* CPTMainScreenViewProtocol.h */,
				9CEC442022B62650004BC6FE /* CPTWalletCell.h */,
				9CEC442122B62650004BC6FE /* CPTWalletCell.m */,
			);
			name = View;
			sourceTree = "<group>";
		};
		9CEC441622B60B7F004BC6FE /* Presenter */ = {
			isa = PBXGroup;
			children = (
				9CEC441B22B60EEE004BC6FE /* CPTMainScreenPresenter.h */,
				9CEC441C22B60EEE004BC6FE /* CPTMainScreenPresenter.m */,
				9CEC441E22B60F5D004BC6FE /* CPTMainScreenPresenterProtocol.h */,
			);
			name = Presenter;
			sourceTree = "<group>";
		};
		9CEC441722B60E6D004BC6FE /* Builder */ = {
			isa = PBXGroup;
			children = (
				9CEC441822B60E89004BC6FE /* CPTMainScreenFactory.h */,
				9CEC441922B60E89004BC6FE /* CPTMainScreenFactory.m */,
			);
			name = Builder;
			sourceTree = "<group>";
		};
		9CEC442322B7591A004BC6FE /* AddCurrency */ = {
			isa = PBXGroup;
			children = (
				9CEC442422B75922004BC6FE /* Builder */,
				9CEC442622B75932004BC6FE /* Model */,
				9CEC442722B75935004BC6FE /* Presenter */,
				9CEC442522B7592E004BC6FE /* View */,
			);
			name = AddCurrency;
			sourceTree = "<group>";
		};
		9CEC442422B75922004BC6FE /* Builder */ = {
			isa = PBXGroup;
			children = (
				9CEC442822B7595D004BC6FE /* CPTAddCurrencyFactory.h */,
				9CEC442922B7595D004BC6FE /* CPTAddCurrencyFactory.m */,
			);
			name = Builder;
			sourceTree = "<group>";
		};
		9CEC442522B7592E004BC6FE /* View */ = {
			isa = PBXGroup;
			children = (
				9CEC442C22B75AC0004BC6FE /* CPTAddCurrencyViewController.h */,
				9CEC442D22B75AC0004BC6FE /* CPTAddCurrencyViewController.m */,
				9CEC442B22B75A05004BC6FE /* CPTAddCurrencyViewProtocol.h */,
			);
			name = View;
			sourceTree = "<group>";
		};
		9CEC442622B75932004BC6FE /* Model */ = {
			isa = PBXGroup;
			children = (
			);
			name = Model;
			sourceTree = "<group>";
		};
		9CEC442722B75935004BC6FE /* Presenter */ = {
			isa = PBXGroup;
			children = (
				9CEC442F22B75B69004BC6FE /* CPTAddCurrencyPresenter.h */,
				9CEC443022B75B69004BC6FE /* CPTAddCurrencyPresenter.m */,
				9CEC443222B75B77004BC6FE /* CPTAddCurrencyPresenterProtocol.h */,
			);
			name = Presenter;
			sourceTree = "<group>";
		};
/* End PBXGroup section */

/* Begin PBXNativeTarget section */
		9C7A53B82296E02E008A1632 /* cryptoProfit */ = {
			isa = PBXNativeTarget;
			buildConfigurationList = 9C7A53E82296E030008A1632 /* Build configuration list for PBXNativeTarget "cryptoProfit" */;
			buildPhases = (
				9C7A53B52296E02E008A1632 /* Sources */,
				9C7A53B62296E02E008A1632 /* Frameworks */,
				9C7A53B72296E02E008A1632 /* Resources */,
			);
			buildRules = (
			);
			dependencies = (
			);
			name = cryptoProfit;
			productName = cryptoProfit;
			productReference = 9C7A53B92296E02E008A1632 /* cryptoProfit.app */;
			productType = "com.apple.product-type.application";
		};
		9C7A53D32296E030008A1632 /* cryptoProfitTests */ = {
			isa = PBXNativeTarget;
			buildConfigurationList = 9C7A53EB2296E030008A1632 /* Build configuration list for PBXNativeTarget "cryptoProfitTests" */;
			buildPhases = (
				9C7A53D02296E030008A1632 /* Sources */,
				9C7A53D12296E030008A1632 /* Frameworks */,
				9C7A53D22296E030008A1632 /* Resources */,
			);
			buildRules = (
			);
			dependencies = (
				9C7A53D62296E030008A1632 /* PBXTargetDependency */,
			);
			name = cryptoProfitTests;
			productName = cryptoProfitTests;
			productReference = 9C7A53D42296E030008A1632 /* cryptoProfitTests.xctest */;
			productType = "com.apple.product-type.bundle.unit-test";
		};
		9C7A53DE2296E030008A1632 /* cryptoProfitUITests */ = {
			isa = PBXNativeTarget;
			buildConfigurationList = 9C7A53EE2296E030008A1632 /* Build configuration list for PBXNativeTarget "cryptoProfitUITests" */;
			buildPhases = (
				9C7A53DB2296E030008A1632 /* Sources */,
				9C7A53DC2296E030008A1632 /* Frameworks */,
				9C7A53DD2296E030008A1632 /* Resources */,
			);
			buildRules = (
			);
			dependencies = (
				9C7A53E12296E030008A1632 /* PBXTargetDependency */,
			);
			name = cryptoProfitUITests;
			productName = cryptoProfitUITests;
			productReference = 9C7A53DF2296E030008A1632 /* cryptoProfitUITests.xctest */;
			productType = "com.apple.product-type.bundle.ui-testing";
		};
/* End PBXNativeTarget section */

/* Begin PBXProject section */
		9C7A53B12296E02E008A1632 /* Project object */ = {
			isa = PBXProject;
			attributes = {
				LastUpgradeCheck = 1020;
				ORGANIZATIONNAME = "Igor Chernyshov";
				TargetAttributes = {
					9C7A53B82296E02E008A1632 = {
						CreatedOnToolsVersion = 10.2.1;
					};
					9C7A53D32296E030008A1632 = {
						CreatedOnToolsVersion = 10.2.1;
						TestTargetID = 9C7A53B82296E02E008A1632;
					};
					9C7A53DE2296E030008A1632 = {
						CreatedOnToolsVersion = 10.2.1;
						TestTargetID = 9C7A53B82296E02E008A1632;
					};
				};
			};
			buildConfigurationList = 9C7A53B42296E02E008A1632 /* Build configuration list for PBXProject "cryptoProfit" */;
			compatibilityVersion = "Xcode 9.3";
			developmentRegion = en;
			hasScannedForEncodings = 0;
			knownRegions = (
				en,
				Base,
			);
			mainGroup = 9C7A53B02296E02E008A1632;
			productRefGroup = 9C7A53BA2296E02E008A1632 /* Products */;
			projectDirPath = "";
			projectRoot = "";
			targets = (
				9C7A53B82296E02E008A1632 /* cryptoProfit */,
				9C7A53D32296E030008A1632 /* cryptoProfitTests */,
				9C7A53DE2296E030008A1632 /* cryptoProfitUITests */,
			);
		};
/* End PBXProject section */

/* Begin PBXResourcesBuildPhase section */
		9C7A53B72296E02E008A1632 /* Resources */ = {
			isa = PBXResourcesBuildPhase;
			buildActionMask = 2147483647;
			files = (
				9C7A53CC2296E030008A1632 /* LaunchScreen.storyboard in Resources */,
				9C7A53C92296E030008A1632 /* Assets.xcassets in Resources */,
			);
			runOnlyForDeploymentPostprocessing = 0;
		};
		9C7A53D22296E030008A1632 /* Resources */ = {
			isa = PBXResourcesBuildPhase;
			buildActionMask = 2147483647;
			files = (
			);
			runOnlyForDeploymentPostprocessing = 0;
		};
		9C7A53DD2296E030008A1632 /* Resources */ = {
			isa = PBXResourcesBuildPhase;
			buildActionMask = 2147483647;
			files = (
			);
			runOnlyForDeploymentPostprocessing = 0;
		};
/* End PBXResourcesBuildPhase section */

/* Begin PBXSourcesBuildPhase section */
		9C7A53B52296E02E008A1632 /* Sources */ = {
			isa = PBXSourcesBuildPhase;
			buildActionMask = 2147483647;
			files = (
				9CEC442A22B7595D004BC6FE /* CPTAddCurrencyFactory.m in Sources */,
				9C7A53C12296E02E008A1632 /* CPTMainScreenViewController.m in Sources */,
				9CAF133922E03D1D001528E7 /* CPTNetworkService.m in Sources */,
				9CEC442222B62650004BC6FE /* CPTWalletCell.m in Sources */,
				9CAF12DC22D4588F001528E7 /* CPTTextField.m in Sources */,
				9CEC443122B75B69004BC6FE /* CPTAddCurrencyPresenter.m in Sources */,
				9CEC442E22B75AC0004BC6FE /* CPTAddCurrencyViewController.m in Sources */,
				9C7A53C72296E02E008A1632 /* cryptoProfit.xcdatamodeld in Sources */,
				9CAF133322E03A69001528E7 /* CPTAPIFactory.m in Sources */,
				9CAF12ED22D84E74001528E7 /* CPTOptionsViewController.m in Sources */,
				9C7A53CF2296E030008A1632 /* main.m in Sources */,
				9CAF135222E47D80001528E7 /* CPTLoadingView.m in Sources */,
				9CAF134622E20CA2001528E7 /* CPTCoreDataService.m in Sources */,
				9CAF134D22E20DE0001528E7 /* Coin+CoreDataClass.m in Sources */,
				9CAF12F022D84E8E001528E7 /* CPTOptionsFactory.m in Sources */,
				9CAF133F22E18AC6001528E7 /* CPTDataParserService.m in Sources */,
				9C7A53BE2296E02E008A1632 /* AppDelegate.m in Sources */,
				9CAF12F622D85401001528E7 /* CPTLabel.m in Sources */,
				9CEC441A22B60E89004BC6FE /* CPTMainScreenFactory.m in Sources */,
				9C7A549622A299AC008A1632 /* UIColor+CPTColors.m in Sources */,
				9CAF134E22E20DE0001528E7 /* Coin+CoreDataProperties.m in Sources */,
				9C7A54A322A29E17008A1632 /* CPTNavigationController.m in Sources */,
				9CEC441D22B60EEE004BC6FE /* CPTMainScreenPresenter.m in Sources */,
				9CAF12EA22D84E5A001528E7 /* CPTOptionsPresenter.m in Sources */,
			);
			runOnlyForDeploymentPostprocessing = 0;
		};
		9C7A53D02296E030008A1632 /* Sources */ = {
			isa = PBXSourcesBuildPhase;
			buildActionMask = 2147483647;
			files = (
				9C7A53D92296E030008A1632 /* cryptoProfitTests.m in Sources */,
			);
			runOnlyForDeploymentPostprocessing = 0;
		};
		9C7A53DB2296E030008A1632 /* Sources */ = {
			isa = PBXSourcesBuildPhase;
			buildActionMask = 2147483647;
			files = (
				9C7A53E42296E030008A1632 /* cryptoProfitUITests.m in Sources */,
			);
			runOnlyForDeploymentPostprocessing = 0;
		};
/* End PBXSourcesBuildPhase section */

/* Begin PBXTargetDependency section */
		9C7A53D62296E030008A1632 /* PBXTargetDependency */ = {
			isa = PBXTargetDependency;
			target = 9C7A53B82296E02E008A1632 /* cryptoProfit */;
			targetProxy = 9C7A53D52296E030008A1632 /* PBXContainerItemProxy */;
		};
		9C7A53E12296E030008A1632 /* PBXTargetDependency */ = {
			isa = PBXTargetDependency;
			target = 9C7A53B82296E02E008A1632 /* cryptoProfit */;
			targetProxy = 9C7A53E02296E030008A1632 /* PBXContainerItemProxy */;
		};
/* End PBXTargetDependency section */

/* Begin PBXVariantGroup section */
		9C7A53CA2296E030008A1632 /* LaunchScreen.storyboard */ = {
			isa = PBXVariantGroup;
			children = (
				9C7A53CB2296E030008A1632 /* Base */,
			);
			name = LaunchScreen.storyboard;
			sourceTree = "<group>";
		};
/* End PBXVariantGroup section */

/* Begin XCBuildConfiguration section */
		9C7A53E62296E030008A1632 /* Debug */ = {
			isa = XCBuildConfiguration;
			buildSettings = {
				ALWAYS_SEARCH_USER_PATHS = NO;
				CLANG_ANALYZER_NONNULL = YES;
				CLANG_ANALYZER_NUMBER_OBJECT_CONVERSION = YES_AGGRESSIVE;
				CLANG_CXX_LANGUAGE_STANDARD = "gnu++14";
				CLANG_CXX_LIBRARY = "libc++";
				CLANG_ENABLE_MODULES = YES;
				CLANG_ENABLE_OBJC_ARC = YES;
				CLANG_ENABLE_OBJC_WEAK = YES;
				CLANG_WARN_BLOCK_CAPTURE_AUTORELEASING = YES;
				CLANG_WARN_BOOL_CONVERSION = YES;
				CLANG_WARN_COMMA = YES;
				CLANG_WARN_CONSTANT_CONVERSION = YES;
				CLANG_WARN_DEPRECATED_OBJC_IMPLEMENTATIONS = YES;
				CLANG_WARN_DIRECT_OBJC_ISA_USAGE = YES_ERROR;
				CLANG_WARN_DOCUMENTATION_COMMENTS = YES;
				CLANG_WARN_EMPTY_BODY = YES;
				CLANG_WARN_ENUM_CONVERSION = YES;
				CLANG_WARN_INFINITE_RECURSION = YES;
				CLANG_WARN_INT_CONVERSION = YES;
				CLANG_WARN_NON_LITERAL_NULL_CONVERSION = YES;
				CLANG_WARN_OBJC_IMPLICIT_RETAIN_SELF = YES;
				CLANG_WARN_OBJC_LITERAL_CONVERSION = YES;
				CLANG_WARN_OBJC_ROOT_CLASS = YES_ERROR;
				CLANG_WARN_RANGE_LOOP_ANALYSIS = YES;
				CLANG_WARN_STRICT_PROTOTYPES = YES;
				CLANG_WARN_SUSPICIOUS_MOVE = YES;
				CLANG_WARN_UNGUARDED_AVAILABILITY = YES_AGGRESSIVE;
				CLANG_WARN_UNREACHABLE_CODE = YES;
				CLANG_WARN__DUPLICATE_METHOD_MATCH = YES;
				CODE_SIGN_IDENTITY = "iPhone Developer";
				COPY_PHASE_STRIP = NO;
				DEBUG_INFORMATION_FORMAT = dwarf;
				ENABLE_STRICT_OBJC_MSGSEND = YES;
				ENABLE_TESTABILITY = YES;
				GCC_C_LANGUAGE_STANDARD = gnu11;
				GCC_DYNAMIC_NO_PIC = NO;
				GCC_NO_COMMON_BLOCKS = YES;
				GCC_OPTIMIZATION_LEVEL = 0;
				GCC_PREPROCESSOR_DEFINITIONS = (
					"DEBUG=1",
					"$(inherited)",
				);
				GCC_WARN_64_TO_32_BIT_CONVERSION = YES;
				GCC_WARN_ABOUT_RETURN_TYPE = YES_ERROR;
				GCC_WARN_UNDECLARED_SELECTOR = YES;
				GCC_WARN_UNINITIALIZED_AUTOS = YES_AGGRESSIVE;
				GCC_WARN_UNUSED_FUNCTION = YES;
				GCC_WARN_UNUSED_VARIABLE = YES;
				IPHONEOS_DEPLOYMENT_TARGET = 12.2;
				MTL_ENABLE_DEBUG_INFO = INCLUDE_SOURCE;
				MTL_FAST_MATH = YES;
				ONLY_ACTIVE_ARCH = YES;
				SDKROOT = iphoneos;
			};
			name = Debug;
		};
		9C7A53E72296E030008A1632 /* Release */ = {
			isa = XCBuildConfiguration;
			buildSettings = {
				ALWAYS_SEARCH_USER_PATHS = NO;
				CLANG_ANALYZER_NONNULL = YES;
				CLANG_ANALYZER_NUMBER_OBJECT_CONVERSION = YES_AGGRESSIVE;
				CLANG_CXX_LANGUAGE_STANDARD = "gnu++14";
				CLANG_CXX_LIBRARY = "libc++";
				CLANG_ENABLE_MODULES = YES;
				CLANG_ENABLE_OBJC_ARC = YES;
				CLANG_ENABLE_OBJC_WEAK = YES;
				CLANG_WARN_BLOCK_CAPTURE_AUTORELEASING = YES;
				CLANG_WARN_BOOL_CONVERSION = YES;
				CLANG_WARN_COMMA = YES;
				CLANG_WARN_CONSTANT_CONVERSION = YES;
				CLANG_WARN_DEPRECATED_OBJC_IMPLEMENTATIONS = YES;
				CLANG_WARN_DIRECT_OBJC_ISA_USAGE = YES_ERROR;
				CLANG_WARN_DOCUMENTATION_COMMENTS = YES;
				CLANG_WARN_EMPTY_BODY = YES;
				CLANG_WARN_ENUM_CONVERSION = YES;
				CLANG_WARN_INFINITE_RECURSION = YES;
				CLANG_WARN_INT_CONVERSION = YES;
				CLANG_WARN_NON_LITERAL_NULL_CONVERSION = YES;
				CLANG_WARN_OBJC_IMPLICIT_RETAIN_SELF = YES;
				CLANG_WARN_OBJC_LITERAL_CONVERSION = YES;
				CLANG_WARN_OBJC_ROOT_CLASS = YES_ERROR;
				CLANG_WARN_RANGE_LOOP_ANALYSIS = YES;
				CLANG_WARN_STRICT_PROTOTYPES = YES;
				CLANG_WARN_SUSPICIOUS_MOVE = YES;
				CLANG_WARN_UNGUARDED_AVAILABILITY = YES_AGGRESSIVE;
				CLANG_WARN_UNREACHABLE_CODE = YES;
				CLANG_WARN__DUPLICATE_METHOD_MATCH = YES;
				CODE_SIGN_IDENTITY = "iPhone Developer";
				COPY_PHASE_STRIP = NO;
				DEBUG_INFORMATION_FORMAT = "dwarf-with-dsym";
				ENABLE_NS_ASSERTIONS = NO;
				ENABLE_STRICT_OBJC_MSGSEND = YES;
				GCC_C_LANGUAGE_STANDARD = gnu11;
				GCC_NO_COMMON_BLOCKS = YES;
				GCC_WARN_64_TO_32_BIT_CONVERSION = YES;
				GCC_WARN_ABOUT_RETURN_TYPE = YES_ERROR;
				GCC_WARN_UNDECLARED_SELECTOR = YES;
				GCC_WARN_UNINITIALIZED_AUTOS = YES_AGGRESSIVE;
				GCC_WARN_UNUSED_FUNCTION = YES;
				GCC_WARN_UNUSED_VARIABLE = YES;
				IPHONEOS_DEPLOYMENT_TARGET = 12.2;
				MTL_ENABLE_DEBUG_INFO = NO;
				MTL_FAST_MATH = YES;
				SDKROOT = iphoneos;
				VALIDATE_PRODUCT = YES;
			};
			name = Release;
		};
		9C7A53E92296E030008A1632 /* Debug */ = {
			isa = XCBuildConfiguration;
			buildSettings = {
				ASSETCATALOG_COMPILER_APPICON_NAME = AppIcon;
				CODE_SIGN_STYLE = Automatic;
				DEVELOPMENT_TEAM = 73YFFUD89Y;
				INFOPLIST_FILE = cryptoProfit/Info.plist;
				LD_RUNPATH_SEARCH_PATHS = (
					"$(inherited)",
					"@executable_path/Frameworks",
				);
				PRODUCT_BUNDLE_IDENTIFIER = com.frostfell.cryptoProfit;
				PRODUCT_NAME = "$(TARGET_NAME)";
				TARGETED_DEVICE_FAMILY = "1,2";
			};
			name = Debug;
		};
		9C7A53EA2296E030008A1632 /* Release */ = {
			isa = XCBuildConfiguration;
			buildSettings = {
				ASSETCATALOG_COMPILER_APPICON_NAME = AppIcon;
				CODE_SIGN_STYLE = Automatic;
				DEVELOPMENT_TEAM = 73YFFUD89Y;
				INFOPLIST_FILE = cryptoProfit/Info.plist;
				LD_RUNPATH_SEARCH_PATHS = (
					"$(inherited)",
					"@executable_path/Frameworks",
				);
				PRODUCT_BUNDLE_IDENTIFIER = com.frostfell.cryptoProfit;
				PRODUCT_NAME = "$(TARGET_NAME)";
				TARGETED_DEVICE_FAMILY = "1,2";
			};
			name = Release;
		};
		9C7A53EC2296E030008A1632 /* Debug */ = {
			isa = XCBuildConfiguration;
			buildSettings = {
				BUNDLE_LOADER = "$(TEST_HOST)";
				CODE_SIGN_STYLE = Automatic;
				DEVELOPMENT_TEAM = 73YFFUD89Y;
				INFOPLIST_FILE = cryptoProfitTests/Info.plist;
				LD_RUNPATH_SEARCH_PATHS = (
					"$(inherited)",
					"@executable_path/Frameworks",
					"@loader_path/Frameworks",
				);
				PRODUCT_BUNDLE_IDENTIFIER = com.frostfell.cryptoProfitTests;
				PRODUCT_NAME = "$(TARGET_NAME)";
				TARGETED_DEVICE_FAMILY = "1,2";
				TEST_HOST = "$(BUILT_PRODUCTS_DIR)/cryptoProfit.app/cryptoProfit";
			};
			name = Debug;
		};
		9C7A53ED2296E030008A1632 /* Release */ = {
			isa = XCBuildConfiguration;
			buildSettings = {
				BUNDLE_LOADER = "$(TEST_HOST)";
				CODE_SIGN_STYLE = Automatic;
				DEVELOPMENT_TEAM = 73YFFUD89Y;
				INFOPLIST_FILE = cryptoProfitTests/Info.plist;
				LD_RUNPATH_SEARCH_PATHS = (
					"$(inherited)",
					"@executable_path/Frameworks",
					"@loader_path/Frameworks",
				);
				PRODUCT_BUNDLE_IDENTIFIER = com.frostfell.cryptoProfitTests;
				PRODUCT_NAME = "$(TARGET_NAME)";
				TARGETED_DEVICE_FAMILY = "1,2";
				TEST_HOST = "$(BUILT_PRODUCTS_DIR)/cryptoProfit.app/cryptoProfit";
			};
			name = Release;
		};
		9C7A53EF2296E030008A1632 /* Debug */ = {
			isa = XCBuildConfiguration;
			buildSettings = {
				CODE_SIGN_STYLE = Automatic;
				DEVELOPMENT_TEAM = 73YFFUD89Y;
				INFOPLIST_FILE = cryptoProfitUITests/Info.plist;
				LD_RUNPATH_SEARCH_PATHS = (
					"$(inherited)",
					"@executable_path/Frameworks",
					"@loader_path/Frameworks",
				);
				PRODUCT_BUNDLE_IDENTIFIER = com.frostfell.cryptoProfitUITests;
				PRODUCT_NAME = "$(TARGET_NAME)";
				TARGETED_DEVICE_FAMILY = "1,2";
				TEST_TARGET_NAME = cryptoProfit;
			};
			name = Debug;
		};
		9C7A53F02296E030008A1632 /* Release */ = {
			isa = XCBuildConfiguration;
			buildSettings = {
				CODE_SIGN_STYLE = Automatic;
				DEVELOPMENT_TEAM = 73YFFUD89Y;
				INFOPLIST_FILE = cryptoProfitUITests/Info.plist;
				LD_RUNPATH_SEARCH_PATHS = (
					"$(inherited)",
					"@executable_path/Frameworks",
					"@loader_path/Frameworks",
				);
				PRODUCT_BUNDLE_IDENTIFIER = com.frostfell.cryptoProfitUITests;
				PRODUCT_NAME = "$(TARGET_NAME)";
				TARGETED_DEVICE_FAMILY = "1,2";
				TEST_TARGET_NAME = cryptoProfit;
			};
			name = Release;
		};
/* End XCBuildConfiguration section */

/* Begin XCConfigurationList section */
		9C7A53B42296E02E008A1632 /* Build configuration list for PBXProject "cryptoProfit" */ = {
			isa = XCConfigurationList;
			buildConfigurations = (
				9C7A53E62296E030008A1632 /* Debug */,
				9C7A53E72296E030008A1632 /* Release */,
			);
			defaultConfigurationIsVisible = 0;
			defaultConfigurationName = Release;
		};
		9C7A53E82296E030008A1632 /* Build configuration list for PBXNativeTarget "cryptoProfit" */ = {
			isa = XCConfigurationList;
			buildConfigurations = (
				9C7A53E92296E030008A1632 /* Debug */,
				9C7A53EA2296E030008A1632 /* Release */,
			);
			defaultConfigurationIsVisible = 0;
			defaultConfigurationName = Release;
		};
		9C7A53EB2296E030008A1632 /* Build configuration list for PBXNativeTarget "cryptoProfitTests" */ = {
			isa = XCConfigurationList;
			buildConfigurations = (
				9C7A53EC2296E030008A1632 /* Debug */,
				9C7A53ED2296E030008A1632 /* Release */,
			);
			defaultConfigurationIsVisible = 0;
			defaultConfigurationName = Release;
		};
		9C7A53EE2296E030008A1632 /* Build configuration list for PBXNativeTarget "cryptoProfitUITests" */ = {
			isa = XCConfigurationList;
			buildConfigurations = (
				9C7A53EF2296E030008A1632 /* Debug */,
				9C7A53F02296E030008A1632 /* Release */,
			);
			defaultConfigurationIsVisible = 0;
			defaultConfigurationName = Release;
		};
/* End XCConfigurationList section */

/* Begin XCVersionGroup section */
		9C7A53C52296E02E008A1632 /* cryptoProfit.xcdatamodeld */ = {
			isa = XCVersionGroup;
			children = (
				9C7A53C62296E02E008A1632 /* cryptoProfit.xcdatamodel */,
			);
			currentVersion = 9C7A53C62296E02E008A1632 /* cryptoProfit.xcdatamodel */;
			path = cryptoProfit.xcdatamodeld;
			sourceTree = "<group>";
			versionGroupType = wrapper.xcdatamodel;
		};
/* End XCVersionGroup section */
	};
	rootObject = 9C7A53B12296E02E008A1632 /* Project object */;
}
